// !$*UTF8*$!
{
	archiveVersion = 1;
	classes = {
	};
	objectVersion = 50;
	objects = {

/* Begin PBXBuildFile section */
		000AA3F7217D7A03004A8580 /* AppDelegate.m in Sources */ = {isa = PBXBuildFile; fileRef = 000AA3F6217D7A03004A8580 /* AppDelegate.m */; };
		000AA3FD217D7A03004A8580 /* Main.storyboard in Resources */ = {isa = PBXBuildFile; fileRef = 000AA3FB217D7A03004A8580 /* Main.storyboard */; };
		000AA3FF217D7A05004A8580 /* Assets.xcassets in Resources */ = {isa = PBXBuildFile; fileRef = 000AA3FE217D7A05004A8580 /* Assets.xcassets */; };
		000AA402217D7A05004A8580 /* LaunchScreen.storyboard in Resources */ = {isa = PBXBuildFile; fileRef = 000AA400217D7A05004A8580 /* LaunchScreen.storyboard */; };
		000AA405217D7A05004A8580 /* main.m in Sources */ = {isa = PBXBuildFile; fileRef = 000AA404217D7A05004A8580 /* main.m */; };
		000AA411217D86A2004A8580 /* ParentViewController.m in Sources */ = {isa = PBXBuildFile; fileRef = 000AA410217D86A2004A8580 /* ParentViewController.m */; };
		004EC83821801EA8002FB5BF /* KeyChainStore.m in Sources */ = {isa = PBXBuildFile; fileRef = 004EC83721801EA8002FB5BF /* KeyChainStore.m */; };
		004EC83E218080E0002FB5BF /* StoreKit.framework in Frameworks */ = {isa = PBXBuildFile; fileRef = 004EC83D218080E0002FB5BF /* StoreKit.framework */; };
		00CCB3222181A9A800771B77 /* JoDess.m in Sources */ = {isa = PBXBuildFile; fileRef = 00CCB3212181A9A800771B77 /* JoDess.m */; };
		00EAB03A217ED6B2002DA2DB /* DetailCell.m in Sources */ = {isa = PBXBuildFile; fileRef = 00EAB039217ED6B2002DA2DB /* DetailCell.m */; };
		00EAB03D217ED6F9002DA2DB /* ImageCell.m in Sources */ = {isa = PBXBuildFile; fileRef = 00EAB03C217ED6F9002DA2DB /* ImageCell.m */; };
		00EAB043217F0FA2002DA2DB /* SideMenuViewController.m in Sources */ = {isa = PBXBuildFile; fileRef = 00EAB03F217F0FA2002DA2DB /* SideMenuViewController.m */; };
		00EAB044217F0FA2002DA2DB /* MainViewController.m in Sources */ = {isa = PBXBuildFile; fileRef = 00EAB040217F0FA2002DA2DB /* MainViewController.m */; };
		00EAB047217F19BB002DA2DB /* WKWebViewController.m in Sources */ = {isa = PBXBuildFile; fileRef = 00EAB046217F19BB002DA2DB /* WKWebViewController.m */; };
/* End PBXBuildFile section */

/* Begin PBXFileReference section */
		000AA3F2217D7A03004A8580 /* Translator.app */ = {isa = PBXFileReference; explicitFileType = wrapper.application; includeInIndex = 0; path = Translator.app; sourceTree = BUILT_PRODUCTS_DIR; };
		000AA3F5217D7A03004A8580 /* AppDelegate.h */ = {isa = PBXFileReference; lastKnownFileType = sourcecode.c.h; path = AppDelegate.h; sourceTree = "<group>"; };
		000AA3F6217D7A03004A8580 /* AppDelegate.m */ = {isa = PBXFileReference; lastKnownFileType = sourcecode.c.objc; path = AppDelegate.m; sourceTree = "<group>"; };
		000AA3FC217D7A03004A8580 /* Base */ = {isa = PBXFileReference; lastKnownFileType = file.storyboard; name = Base; path = Base.lproj/Main.storyboard; sourceTree = "<group>"; };
		000AA3FE217D7A05004A8580 /* Assets.xcassets */ = {isa = PBXFileReference; lastKnownFileType = folder.assetcatalog; path = Assets.xcassets; sourceTree = "<group>"; };
		000AA401217D7A05004A8580 /* Base */ = {isa = PBXFileReference; lastKnownFileType = file.storyboard; name = Base; path = Base.lproj/LaunchScreen.storyboard; sourceTree = "<group>"; };
		000AA403217D7A05004A8580 /* Info.plist */ = {isa = PBXFileReference; lastKnownFileType = text.plist.xml; path = Info.plist; sourceTree = "<group>"; };
		000AA404217D7A05004A8580 /* main.m */ = {isa = PBXFileReference; lastKnownFileType = sourcecode.c.objc; path = main.m; sourceTree = "<group>"; };
		000AA40F217D86A2004A8580 /* ParentViewController.h */ = {isa = PBXFileReference; fileEncoding = 4; lastKnownFileType = sourcecode.c.h; name = ParentViewController.h; path = Translator/Class/ParentViewController.h; sourceTree = SOURCE_ROOT; };
		000AA410217D86A2004A8580 /* ParentViewController.m */ = {isa = PBXFileReference; fileEncoding = 4; lastKnownFileType = sourcecode.c.objc; name = ParentViewController.m; path = Translator/Class/ParentViewController.m; sourceTree = SOURCE_ROOT; };
		004EC83621801EA8002FB5BF /* KeyChainStore.h */ = {isa = PBXFileReference; fileEncoding = 4; lastKnownFileType = sourcecode.c.h; name = KeyChainStore.h; path = Translator/Class/KeyChainStore.h; sourceTree = SOURCE_ROOT; };
		004EC83721801EA8002FB5BF /* KeyChainStore.m */ = {isa = PBXFileReference; fileEncoding = 4; lastKnownFileType = sourcecode.c.objc; name = KeyChainStore.m; path = Translator/Class/KeyChainStore.m; sourceTree = SOURCE_ROOT; };
		004EC83D218080E0002FB5BF /* StoreKit.framework */ = {isa = PBXFileReference; lastKnownFileType = wrapper.framework; name = StoreKit.framework; path = System/Library/Frameworks/StoreKit.framework; sourceTree = SDKROOT; };
		00CCB3202181A9A800771B77 /* JoDess.h */ = {isa = PBXFileReference; fileEncoding = 4; lastKnownFileType = sourcecode.c.h; name = JoDess.h; path = Translator/Class/JoDess.h; sourceTree = SOURCE_ROOT; };
		00CCB3212181A9A800771B77 /* JoDess.m */ = {isa = PBXFileReference; fileEncoding = 4; lastKnownFileType = sourcecode.c.objc; name = JoDess.m; path = Translator/Class/JoDess.m; sourceTree = SOURCE_ROOT; };
		00EAB038217ED6B2002DA2DB /* DetailCell.h */ = {isa = PBXFileReference; fileEncoding = 4; lastKnownFileType = sourcecode.c.h; name = DetailCell.h; path = Translator/Class/DetailCell.h; sourceTree = SOURCE_ROOT; };
		00EAB039217ED6B2002DA2DB /* DetailCell.m */ = {isa = PBXFileReference; fileEncoding = 4; lastKnownFileType = sourcecode.c.objc; name = DetailCell.m; path = Translator/Class/DetailCell.m; sourceTree = SOURCE_ROOT; };
		00EAB03B217ED6F9002DA2DB /* ImageCell.h */ = {isa = PBXFileReference; fileEncoding = 4; lastKnownFileType = sourcecode.c.h; name = ImageCell.h; path = Translator/Class/ImageCell.h; sourceTree = SOURCE_ROOT; };
		00EAB03C217ED6F9002DA2DB /* ImageCell.m */ = {isa = PBXFileReference; fileEncoding = 4; lastKnownFileType = sourcecode.c.objc; name = ImageCell.m; path = Translator/Class/ImageCell.m; sourceTree = SOURCE_ROOT; };
		00EAB03F217F0FA2002DA2DB /* SideMenuViewController.m */ = {isa = PBXFileReference; fileEncoding = 4; lastKnownFileType = sourcecode.c.objc; name = SideMenuViewController.m; path = View/SideMenuViewController.m; sourceTree = "<group>"; };
		00EAB040217F0FA2002DA2DB /* MainViewController.m */ = {isa = PBXFileReference; fileEncoding = 4; lastKnownFileType = sourcecode.c.objc; name = MainViewController.m; path = View/MainViewController.m; sourceTree = "<group>"; };
		00EAB041217F0FA2002DA2DB /* MainViewController.h */ = {isa = PBXFileReference; fileEncoding = 4; lastKnownFileType = sourcecode.c.h; name = MainViewController.h; path = View/MainViewController.h; sourceTree = "<group>"; };
		00EAB042217F0FA2002DA2DB /* SideMenuViewController.h */ = {isa = PBXFileReference; fileEncoding = 4; lastKnownFileType = sourcecode.c.h; name = SideMenuViewController.h; path = View/SideMenuViewController.h; sourceTree = "<group>"; };
		00EAB045217F19BB002DA2DB /* WKWebViewController.h */ = {isa = PBXFileReference; lastKnownFileType = sourcecode.c.h; name = WKWebViewController.h; path = View/WKWebViewController.h; sourceTree = "<group>"; };
		00EAB046217F19BB002DA2DB /* WKWebViewController.m */ = {isa = PBXFileReference; lastKnownFileType = sourcecode.c.objc; name = WKWebViewController.m; path = View/WKWebViewController.m; sourceTree = "<group>"; };
/* End PBXFileReference section */

/* Begin PBXFrameworksBuildPhase section */
		000AA3EF217D7A03004A8580 /* Frameworks */ = {
			isa = PBXFrameworksBuildPhase;
			buildActionMask = 2147483647;
			files = (
				004EC83E218080E0002FB5BF /* StoreKit.framework in Frameworks */,
			);
			runOnlyForDeploymentPostprocessing = 0;
		};
/* End PBXFrameworksBuildPhase section */

/* Begin PBXGroup section */
		000AA3E9217D7A03004A8580 = {
			isa = PBXGroup;
			children = (
				000AA3F4217D7A03004A8580 /* Translator */,
				000AA3F3217D7A03004A8580 /* Products */,
				004EC83C218080E0002FB5BF /* Frameworks */,
			);
			sourceTree = "<group>";
		};
		000AA3F3217D7A03004A8580 /* Products */ = {
			isa = PBXGroup;
			children = (
				000AA3F2217D7A03004A8580 /* Translator.app */,
			);
			name = Products;
			sourceTree = "<group>";
		};
		000AA3F4217D7A03004A8580 /* Translator */ = {
			isa = PBXGroup;
			children = (
				00EAB03E217F0F68002DA2DB /* View */,
				000AA40E217D8686004A8580 /* Class */,
				000AA3F5217D7A03004A8580 /* AppDelegate.h */,
				000AA3F6217D7A03004A8580 /* AppDelegate.m */,
				000AA3FB217D7A03004A8580 /* Main.storyboard */,
				000AA3FE217D7A05004A8580 /* Assets.xcassets */,
				000AA400217D7A05004A8580 /* LaunchScreen.storyboard */,
				000AA403217D7A05004A8580 /* Info.plist */,
				000AA404217D7A05004A8580 /* main.m */,
			);
			path = Translator;
			sourceTree = "<group>";
		};
		000AA40E217D8686004A8580 /* Class */ = {
			isa = PBXGroup;
			children = (
				00CCB3202181A9A800771B77 /* JoDess.h */,
				00CCB3212181A9A800771B77 /* JoDess.m */,
				004EC83621801EA8002FB5BF /* KeyChainStore.h */,
				004EC83721801EA8002FB5BF /* KeyChainStore.m */,
				00EAB03B217ED6F9002DA2DB /* ImageCell.h */,
				00EAB03C217ED6F9002DA2DB /* ImageCell.m */,
				00EAB038217ED6B2002DA2DB /* DetailCell.h */,
				00EAB039217ED6B2002DA2DB /* DetailCell.m */,
				000AA40F217D86A2004A8580 /* ParentViewController.h */,
				000AA410217D86A2004A8580 /* ParentViewController.m */,
			);
			name = Class;
			path = "New Group";
			sourceTree = "<group>";
		};
		004EC83C218080E0002FB5BF /* Frameworks */ = {
			isa = PBXGroup;
			children = (
				004EC83D218080E0002FB5BF /* StoreKit.framework */,
			);
			name = Frameworks;
			sourceTree = "<group>";
		};
		00EAB03E217F0F68002DA2DB /* View */ = {
			isa = PBXGroup;
			children = (
				00EAB041217F0FA2002DA2DB /* MainViewController.h */,
				00EAB040217F0FA2002DA2DB /* MainViewController.m */,
				00EAB042217F0FA2002DA2DB /* SideMenuViewController.h */,
				00EAB03F217F0FA2002DA2DB /* SideMenuViewController.m */,
				00EAB045217F19BB002DA2DB /* WKWebViewController.h */,
				00EAB046217F19BB002DA2DB /* WKWebViewController.m */,
			);
			name = View;
			sourceTree = "<group>";
		};
/* End PBXGroup section */

/* Begin PBXNativeTarget section */
		000AA3F1217D7A03004A8580 /* Translator */ = {
			isa = PBXNativeTarget;
			buildConfigurationList = 000AA408217D7A05004A8580 /* Build configuration list for PBXNativeTarget "Translator" */;
			buildPhases = (
				000AA3EE217D7A03004A8580 /* Sources */,
				000AA3EF217D7A03004A8580 /* Frameworks */,
				000AA3F0217D7A03004A8580 /* Resources */,
			);
			buildRules = (
			);
			dependencies = (
			);
			name = Translator;
			productName = Translator;
			productReference = 000AA3F2217D7A03004A8580 /* Translator.app */;
			productType = "com.apple.product-type.application";
		};
/* End PBXNativeTarget section */

/* Begin PBXProject section */
		000AA3EA217D7A03004A8580 /* Project object */ = {
			isa = PBXProject;
			attributes = {
				LastUpgradeCheck = 0940;
				ORGANIZATIONNAME = TMS;
				TargetAttributes = {
					000AA3F1217D7A03004A8580 = {
						CreatedOnToolsVersion = 9.4.1;
						SystemCapabilities = {
							com.apple.InAppPurchase = {
								enabled = 1;
							};
						};
					};
				};
			};
			buildConfigurationList = 000AA3ED217D7A03004A8580 /* Build configuration list for PBXProject "Translator" */;
			compatibilityVersion = "Xcode 9.3";
			developmentRegion = en;
			hasScannedForEncodings = 0;
			knownRegions = (
				en,
				Base,
			);
			mainGroup = 000AA3E9217D7A03004A8580;
			productRefGroup = 000AA3F3217D7A03004A8580 /* Products */;
			projectDirPath = "";
			projectRoot = "";
			targets = (
				000AA3F1217D7A03004A8580 /* Translator */,
			);
		};
/* End PBXProject section */

/* Begin PBXResourcesBuildPhase section */
		000AA3F0217D7A03004A8580 /* Resources */ = {
			isa = PBXResourcesBuildPhase;
			buildActionMask = 2147483647;
			files = (
				000AA402217D7A05004A8580 /* LaunchScreen.storyboard in Resources */,
				000AA3FF217D7A05004A8580 /* Assets.xcassets in Resources */,
				000AA3FD217D7A03004A8580 /* Main.storyboard in Resources */,
			);
			runOnlyForDeploymentPostprocessing = 0;
		};
/* End PBXResourcesBuildPhase section */

/* Begin PBXSourcesBuildPhase section */
		000AA3EE217D7A03004A8580 /* Sources */ = {
			isa = PBXSourcesBuildPhase;
			buildActionMask = 2147483647;
			files = (
				00EAB043217F0FA2002DA2DB /* SideMenuViewController.m in Sources */,
				00CCB3222181A9A800771B77 /* JoDess.m in Sources */,
				000AA411217D86A2004A8580 /* ParentViewController.m in Sources */,
				00EAB03A217ED6B2002DA2DB /* DetailCell.m in Sources */,
				00EAB03D217ED6F9002DA2DB /* ImageCell.m in Sources */,
				004EC83821801EA8002FB5BF /* KeyChainStore.m in Sources */,
				00EAB044217F0FA2002DA2DB /* MainViewController.m in Sources */,
				000AA405217D7A05004A8580 /* main.m in Sources */,
				000AA3F7217D7A03004A8580 /* AppDelegate.m in Sources */,
				00EAB047217F19BB002DA2DB /* WKWebViewController.m in Sources */,
			);
			runOnlyForDeploymentPostprocessing = 0;
		};
/* End PBXSourcesBuildPhase section */

/* Begin PBXVariantGroup section */
		000AA3FB217D7A03004A8580 /* Main.storyboard */ = {
			isa = PBXVariantGroup;
			children = (
				000AA3FC217D7A03004A8580 /* Base */,
			);
			name = Main.storyboard;
			sourceTree = "<group>";
		};
		000AA400217D7A05004A8580 /* LaunchScreen.storyboard */ = {
			isa = PBXVariantGroup;
			children = (
				000AA401217D7A05004A8580 /* Base */,
			);
			name = LaunchScreen.storyboard;
			sourceTree = "<group>";
		};
/* End PBXVariantGroup section */

/* Begin XCBuildConfiguration section */
		000AA406217D7A05004A8580 /* Debug */ = {
			isa = XCBuildConfiguration;
			buildSettings = {
				ALWAYS_SEARCH_USER_PATHS = NO;
				CLANG_ANALYZER_NONNULL = YES;
				CLANG_ANALYZER_NUMBER_OBJECT_CONVERSION = YES_AGGRESSIVE;
				CLANG_CXX_LANGUAGE_STANDARD = "gnu++14";
				CLANG_CXX_LIBRARY = "libc++";
				CLANG_ENABLE_MODULES = YES;
				CLANG_ENABLE_OBJC_ARC = YES;
				CLANG_ENABLE_OBJC_WEAK = YES;
				CLANG_WARN_BLOCK_CAPTURE_AUTORELEASING = YES;
				CLANG_WARN_BOOL_CONVERSION = YES;
				CLANG_WARN_COMMA = YES;
				CLANG_WARN_CONSTANT_CONVERSION = YES;
				CLANG_WARN_DEPRECATED_OBJC_IMPLEMENTATIONS = YES;
				CLANG_WARN_DIRECT_OBJC_ISA_USAGE = YES_ERROR;
				CLANG_WARN_DOCUMENTATION_COMMENTS = YES;
				CLANG_WARN_EMPTY_BODY = YES;
				CLANG_WARN_ENUM_CONVERSION = YES;
				CLANG_WARN_INFINITE_RECURSION = YES;
				CLANG_WARN_INT_CONVERSION = YES;
				CLANG_WARN_NON_LITERAL_NULL_CONVERSION = YES;
				CLANG_WARN_OBJC_IMPLICIT_RETAIN_SELF = YES;
				CLANG_WARN_OBJC_LITERAL_CONVERSION = YES;
				CLANG_WARN_OBJC_ROOT_CLASS = YES_ERROR;
				CLANG_WARN_RANGE_LOOP_ANALYSIS = YES;
				CLANG_WARN_STRICT_PROTOTYPES = YES;
				CLANG_WARN_SUSPICIOUS_MOVE = YES;
				CLANG_WARN_UNGUARDED_AVAILABILITY = YES_AGGRESSIVE;
				CLANG_WARN_UNREACHABLE_CODE = YES;
				CLANG_WARN__DUPLICATE_METHOD_MATCH = YES;
				CODE_SIGN_IDENTITY = "iPhone Developer";
				COPY_PHASE_STRIP = NO;
				DEBUG_INFORMATION_FORMAT = dwarf;
				ENABLE_STRICT_OBJC_MSGSEND = YES;
				ENABLE_TESTABILITY = YES;
				GCC_C_LANGUAGE_STANDARD = gnu11;
				GCC_DYNAMIC_NO_PIC = NO;
				GCC_NO_COMMON_BLOCKS = YES;
				GCC_OPTIMIZATION_LEVEL = 0;
				GCC_PREPROCESSOR_DEFINITIONS = (
					"DEBUG=1",
					"$(inherited)",
				);
				GCC_WARN_64_TO_32_BIT_CONVERSION = YES;
				GCC_WARN_ABOUT_RETURN_TYPE = YES_ERROR;
				GCC_WARN_UNDECLARED_SELECTOR = YES;
				GCC_WARN_UNINITIALIZED_AUTOS = YES_AGGRESSIVE;
				GCC_WARN_UNUSED_FUNCTION = YES;
				GCC_WARN_UNUSED_VARIABLE = YES;
				IPHONEOS_DEPLOYMENT_TARGET = 11.4;
				MTL_ENABLE_DEBUG_INFO = YES;
				ONLY_ACTIVE_ARCH = YES;
				SDKROOT = iphoneos;
			};
			name = Debug;
		};
		000AA407217D7A05004A8580 /* Release */ = {
			isa = XCBuildConfiguration;
			buildSettings = {
				ALWAYS_SEARCH_USER_PATHS = NO;
				CLANG_ANALYZER_NONNULL = YES;
				CLANG_ANALYZER_NUMBER_OBJECT_CONVERSION = YES_AGGRESSIVE;
				CLANG_CXX_LANGUAGE_STANDARD = "gnu++14";
				CLANG_CXX_LIBRARY = "libc++";
				CLANG_ENABLE_MODULES = YES;
				CLANG_ENABLE_OBJC_ARC = YES;
				CLANG_ENABLE_OBJC_WEAK = YES;
				CLANG_WARN_BLOCK_CAPTURE_AUTORELEASING = YES;
				CLANG_WARN_BOOL_CONVERSION = YES;
				CLANG_WARN_COMMA = YES;
				CLANG_WARN_CONSTANT_CONVERSION = YES;
				CLANG_WARN_DEPRECATED_OBJC_IMPLEMENTATIONS = YES;
				CLANG_WARN_DIRECT_OBJC_ISA_USAGE = YES_ERROR;
				CLANG_WARN_DOCUMENTATION_COMMENTS = YES;
				CLANG_WARN_EMPTY_BODY = YES;
				CLANG_WARN_ENUM_CONVERSION = YES;
				CLANG_WARN_INFINITE_RECURSION = YES;
				CLANG_WARN_INT_CONVERSION = YES;
				CLANG_WARN_NON_LITERAL_NULL_CONVERSION = YES;
				CLANG_WARN_OBJC_IMPLICIT_RETAIN_SELF = YES;
				CLANG_WARN_OBJC_LITERAL_CONVERSION = YES;
				CLANG_WARN_OBJC_ROOT_CLASS = YES_ERROR;
				CLANG_WARN_RANGE_LOOP_ANALYSIS = YES;
				CLANG_WARN_STRICT_PROTOTYPES = YES;
				CLANG_WARN_SUSPICIOUS_MOVE = YES;
				CLANG_WARN_UNGUARDED_AVAILABILITY = YES_AGGRESSIVE;
				CLANG_WARN_UNREACHABLE_CODE = YES;
				CLANG_WARN__DUPLICATE_METHOD_MATCH = YES;
				CODE_SIGN_IDENTITY = "iPhone Developer";
				COPY_PHASE_STRIP = NO;
				DEBUG_INFORMATION_FORMAT = "dwarf-with-dsym";
				ENABLE_NS_ASSERTIONS = NO;
				ENABLE_STRICT_OBJC_MSGSEND = YES;
				GCC_C_LANGUAGE_STANDARD = gnu11;
				GCC_NO_COMMON_BLOCKS = YES;
				GCC_WARN_64_TO_32_BIT_CONVERSION = YES;
				GCC_WARN_ABOUT_RETURN_TYPE = YES_ERROR;
				GCC_WARN_UNDECLARED_SELECTOR = YES;
				GCC_WARN_UNINITIALIZED_AUTOS = YES_AGGRESSIVE;
				GCC_WARN_UNUSED_FUNCTION = YES;
				GCC_WARN_UNUSED_VARIABLE = YES;
				IPHONEOS_DEPLOYMENT_TARGET = 11.4;
				MTL_ENABLE_DEBUG_INFO = NO;
				SDKROOT = iphoneos;
				VALIDATE_PRODUCT = YES;
			};
			name = Release;
		};
		000AA409217D7A05004A8580 /* Debug */ = {
			isa = XCBuildConfiguration;
			buildSettings = {
				ASSETCATALOG_COMPILER_APPICON_NAME = AppIcon;
				CODE_SIGN_IDENTITY = "iPhone Developer";
				CODE_SIGN_STYLE = Manual;
				DEVELOPMENT_TEAM = QM2D28M7YY;
				INFOPLIST_FILE = Translator/Info.plist;
				IPHONEOS_DEPLOYMENT_TARGET = 9.0;
				LD_RUNPATH_SEARCH_PATHS = (
					"$(inherited)",
					"@executable_path/Frameworks",
				);
				PRODUCT_BUNDLE_IDENTIFIER = com.tms.translator;
				PRODUCT_NAME = "$(TARGET_NAME)";
				PROVISIONING_PROFILE = "2c6d6ffc-3a64-449b-9603-de13e86ac411";
				PROVISIONING_PROFILE_SPECIFIER = "TMS Translator Dev";
				TARGETED_DEVICE_FAMILY = "1,2";
			};
			name = Debug;
		};
		000AA40A217D7A05004A8580 /* Release */ = {
			isa = XCBuildConfiguration;
			buildSettings = {
				ASSETCATALOG_COMPILER_APPICON_NAME = AppIcon;
				CODE_SIGN_IDENTITY = "iPhone Developer";
				CODE_SIGN_STYLE = Manual;
				DEVELOPMENT_TEAM = "";
				INFOPLIST_FILE = Translator/Info.plist;
				IPHONEOS_DEPLOYMENT_TARGET = 9.0;
				LD_RUNPATH_SEARCH_PATHS = (
					"$(inherited)",
					"@executable_path/Frameworks",
				);
				PRODUCT_BUNDLE_IDENTIFIER = com.tms.translator;
				PRODUCT_NAME = "$(TARGET_NAME)";
				PROVISIONING_PROFILE_SPECIFIER = "";
				TARGETED_DEVICE_FAMILY = "1,2";
			};
			name = Release;
		};
/* End XCBuildConfiguration section */

/* Begin XCConfigurationList section */
		000AA3ED217D7A03004A8580 /* Build configuration list for PBXProject "Translator" */ = {
			isa = XCConfigurationList;
			buildConfigurations = (
				000AA406217D7A05004A8580 /* Debug */,
				000AA407217D7A05004A8580 /* Release */,
			);
			defaultConfigurationIsVisible = 0;
			defaultConfigurationName = Release;
		};
		000AA408217D7A05004A8580 /* Build configuration list for PBXNativeTarget "Translator" */ = {
			isa = XCConfigurationList;
			buildConfigurations = (
				000AA409217D7A05004A8580 /* Debug */,
				000AA40A217D7A05004A8580 /* Release */,
			);
			defaultConfigurationIsVisible = 0;
			defaultConfigurationName = Release;
		};
/* End XCConfigurationList section */
	};
	rootObject = 000AA3EA217D7A03004A8580 /* Project object */;
}
